// !$*UTF8*$!
{
	archiveVersion = 1;
	classes = {
	};
	objectVersion = 55;
	objects = {

/* Begin PBXBuildFile section */
		7317C03F29104F9E004D4B85 /* GoogleService-Info.plist in Resources */ = {isa = PBXBuildFile; fileRef = 7317C03E29104F9D004D4B85 /* GoogleService-Info.plist */; };
		7394F6252909765F00F45D03 /* AppDelegate.swift in Sources */ = {isa = PBXBuildFile; fileRef = 7394F6242909765F00F45D03 /* AppDelegate.swift */; };
		7394F6272909765F00F45D03 /* SceneDelegate.swift in Sources */ = {isa = PBXBuildFile; fileRef = 7394F6262909765F00F45D03 /* SceneDelegate.swift */; };
		7394F6292909765F00F45D03 /* WelcomeViewController.swift in Sources */ = {isa = PBXBuildFile; fileRef = 7394F6282909765F00F45D03 /* WelcomeViewController.swift */; };
		7394F62C2909765F00F45D03 /* Main.storyboard in Resources */ = {isa = PBXBuildFile; fileRef = 7394F62A2909765F00F45D03 /* Main.storyboard */; };
		7394F62E2909766100F45D03 /* Assets.xcassets in Resources */ = {isa = PBXBuildFile; fileRef = 7394F62D2909766100F45D03 /* Assets.xcassets */; };
		7394F6312909766100F45D03 /* LaunchScreen.storyboard in Resources */ = {isa = PBXBuildFile; fileRef = 7394F62F2909766100F45D03 /* LaunchScreen.storyboard */; };
		7394F63C2909788400F45D03 /* RegisterViewController.swift in Sources */ = {isa = PBXBuildFile; fileRef = 7394F63B2909788400F45D03 /* RegisterViewController.swift */; };
		7394F63E2909790F00F45D03 /* LoginViewController.swift in Sources */ = {isa = PBXBuildFile; fileRef = 7394F63D2909790F00F45D03 /* LoginViewController.swift */; };
		7394F6402909793800F45D03 /* ChatViewController.swift in Sources */ = {isa = PBXBuildFile; fileRef = 7394F63F2909793800F45D03 /* ChatViewController.swift */; };
		ACAB70324E384AB91C4EE52A /* Pods_flash_chat.framework in Frameworks */ = {isa = PBXBuildFile; fileRef = 5AD9C2B9E6881D0B2A605ACB /* Pods_flash_chat.framework */; };
/* End PBXBuildFile section */

/* Begin PBXFileReference section */
		58221AE4575F9F29B687C1BE /* Pods-flash-chat.release.xcconfig */ = {isa = PBXFileReference; includeInIndex = 1; lastKnownFileType = text.xcconfig; name = "Pods-flash-chat.release.xcconfig"; path = "Target Support Files/Pods-flash-chat/Pods-flash-chat.release.xcconfig"; sourceTree = "<group>"; };
		5AD9C2B9E6881D0B2A605ACB /* Pods_flash_chat.framework */ = {isa = PBXFileReference; explicitFileType = wrapper.framework; includeInIndex = 0; path = Pods_flash_chat.framework; sourceTree = BUILT_PRODUCTS_DIR; };
		5D323E8990DD0762B2A8B575 /* Pods-flash-chat.debug.xcconfig */ = {isa = PBXFileReference; includeInIndex = 1; lastKnownFileType = text.xcconfig; name = "Pods-flash-chat.debug.xcconfig"; path = "Target Support Files/Pods-flash-chat/Pods-flash-chat.debug.xcconfig"; sourceTree = "<group>"; };
		7317C03E29104F9D004D4B85 /* GoogleService-Info.plist */ = {isa = PBXFileReference; fileEncoding = 4; lastKnownFileType = text.plist.xml; path = "GoogleService-Info.plist"; sourceTree = "<group>"; };
		7394F6212909765F00F45D03 /* flash-chat.app */ = {isa = PBXFileReference; explicitFileType = wrapper.application; includeInIndex = 0; path = "flash-chat.app"; sourceTree = BUILT_PRODUCTS_DIR; };
		7394F6242909765F00F45D03 /* AppDelegate.swift */ = {isa = PBXFileReference; lastKnownFileType = sourcecode.swift; path = AppDelegate.swift; sourceTree = "<group>"; };
		7394F6262909765F00F45D03 /* SceneDelegate.swift */ = {isa = PBXFileReference; lastKnownFileType = sourcecode.swift; path = SceneDelegate.swift; sourceTree = "<group>"; };
		7394F6282909765F00F45D03 /* WelcomeViewController.swift */ = {isa = PBXFileReference; lastKnownFileType = sourcecode.swift; path = WelcomeViewController.swift; sourceTree = "<group>"; };
		7394F62B2909765F00F45D03 /* Base */ = {isa = PBXFileReference; lastKnownFileType = file.storyboard; name = Base; path = Base.lproj/Main.storyboard; sourceTree = "<group>"; };
		7394F62D2909766100F45D03 /* Assets.xcassets */ = {isa = PBXFileReference; lastKnownFileType = folder.assetcatalog; path = Assets.xcassets; sourceTree = "<group>"; };
		7394F6302909766100F45D03 /* Base */ = {isa = PBXFileReference; lastKnownFileType = file.storyboard; name = Base; path = Base.lproj/LaunchScreen.storyboard; sourceTree = "<group>"; };
		7394F6322909766100F45D03 /* Info.plist */ = {isa = PBXFileReference; lastKnownFileType = text.plist.xml; path = Info.plist; sourceTree = "<group>"; };
		7394F63B2909788400F45D03 /* RegisterViewController.swift */ = {isa = PBXFileReference; lastKnownFileType = sourcecode.swift; path = RegisterViewController.swift; sourceTree = "<group>"; };
		7394F63D2909790F00F45D03 /* LoginViewController.swift */ = {isa = PBXFileReference; lastKnownFileType = sourcecode.swift; path = LoginViewController.swift; sourceTree = "<group>"; };
		7394F63F2909793800F45D03 /* ChatViewController.swift */ = {isa = PBXFileReference; lastKnownFileType = sourcecode.swift; path = ChatViewController.swift; sourceTree = "<group>"; };
/* End PBXFileReference section */

/* Begin PBXFrameworksBuildPhase section */
		7394F61E2909765F00F45D03 /* Frameworks */ = {
			isa = PBXFrameworksBuildPhase;
			buildActionMask = 2147483647;
			files = (
				ACAB70324E384AB91C4EE52A /* Pods_flash_chat.framework in Frameworks */,
			);
			runOnlyForDeploymentPostprocessing = 0;
		};
/* End PBXFrameworksBuildPhase section */

/* Begin PBXGroup section */
		7394F6182909765F00F45D03 = {
			isa = PBXGroup;
			children = (
				7394F6232909765F00F45D03 /* flash-chat */,
				7394F6222909765F00F45D03 /* Products */,
				840A6943ABEE538E1E9152CA /* Pods */,
				E04AFF1573454CEA68EC0A87 /* Frameworks */,
			);
			sourceTree = "<group>";
		};
		7394F6222909765F00F45D03 /* Products */ = {
			isa = PBXGroup;
			children = (
				7394F6212909765F00F45D03 /* flash-chat.app */,
			);
			name = Products;
			sourceTree = "<group>";
		};
		7394F6232909765F00F45D03 /* flash-chat */ = {
			isa = PBXGroup;
			children = (
				7394F6242909765F00F45D03 /* AppDelegate.swift */,
				7394F6262909765F00F45D03 /* SceneDelegate.swift */,
				7394F6382909772500F45D03 /* Models */,
				7394F6392909772D00F45D03 /* Views */,
				7394F63A2909778300F45D03 /* Controllers */,
				7394F62D2909766100F45D03 /* Assets.xcassets */,
				7394F62F2909766100F45D03 /* LaunchScreen.storyboard */,
				7394F6322909766100F45D03 /* Info.plist */,
				7317C03E29104F9D004D4B85 /* GoogleService-Info.plist */,
			);
			path = "flash-chat";
			sourceTree = "<group>";
		};
		7394F6382909772500F45D03 /* Models */ = {
			isa = PBXGroup;
			children = (
			);
			path = Models;
			sourceTree = "<group>";
		};
		7394F6392909772D00F45D03 /* Views */ = {
			isa = PBXGroup;
			children = (
				7394F62A2909765F00F45D03 /* Main.storyboard */,
			);
			path = Views;
			sourceTree = "<group>";
		};
		7394F63A2909778300F45D03 /* Controllers */ = {
			isa = PBXGroup;
			children = (
				7394F6282909765F00F45D03 /* WelcomeViewController.swift */,
				7394F63B2909788400F45D03 /* RegisterViewController.swift */,
				7394F63D2909790F00F45D03 /* LoginViewController.swift */,
				7394F63F2909793800F45D03 /* ChatViewController.swift */,
			);
			path = Controllers;
			sourceTree = "<group>";
		};
		840A6943ABEE538E1E9152CA /* Pods */ = {
			isa = PBXGroup;
			children = (
				5D323E8990DD0762B2A8B575 /* Pods-flash-chat.debug.xcconfig */,
				58221AE4575F9F29B687C1BE /* Pods-flash-chat.release.xcconfig */,
			);
			path = Pods;
			sourceTree = "<group>";
		};
		E04AFF1573454CEA68EC0A87 /* Frameworks */ = {
			isa = PBXGroup;
			children = (
				5AD9C2B9E6881D0B2A605ACB /* Pods_flash_chat.framework */,
			);
			name = Frameworks;
			sourceTree = "<group>";
		};
/* End PBXGroup section */

/* Begin PBXNativeTarget section */
		7394F6202909765F00F45D03 /* flash-chat */ = {
			isa = PBXNativeTarget;
			buildConfigurationList = 7394F6352909766100F45D03 /* Build configuration list for PBXNativeTarget "flash-chat" */;
			buildPhases = (
				3010434ADC1509D759101C76 /* [CP] Check Pods Manifest.lock */,
				7394F61D2909765F00F45D03 /* Sources */,
				7394F61E2909765F00F45D03 /* Frameworks */,
				7394F61F2909765F00F45D03 /* Resources */,
				E2BE6AB42E052AC7A0BD4FE9 /* [CP] Embed Pods Frameworks */,
			);
			buildRules = (
			);
			dependencies = (
			);
			name = "flash-chat";
			productName = "flash-chat";
			productReference = 7394F6212909765F00F45D03 /* flash-chat.app */;
			productType = "com.apple.product-type.application";
		};
/* End PBXNativeTarget section */

/* Begin PBXProject section */
		7394F6192909765F00F45D03 /* Project object */ = {
			isa = PBXProject;
			attributes = {
				BuildIndependentTargetsInParallel = 1;
				LastSwiftUpdateCheck = 1340;
				LastUpgradeCheck = 1340;
				TargetAttributes = {
					7394F6202909765F00F45D03 = {
						CreatedOnToolsVersion = 13.4.1;
					};
				};
			};
			buildConfigurationList = 7394F61C2909765F00F45D03 /* Build configuration list for PBXProject "flash-chat" */;
			compatibilityVersion = "Xcode 13.0";
			developmentRegion = en;
			hasScannedForEncodings = 0;
			knownRegions = (
				en,
				Base,
			);
			mainGroup = 7394F6182909765F00F45D03;
			productRefGroup = 7394F6222909765F00F45D03 /* Products */;
			projectDirPath = "";
			projectRoot = "";
			targets = (
				7394F6202909765F00F45D03 /* flash-chat */,
			);
		};
/* End PBXProject section */

/* Begin PBXResourcesBuildPhase section */
		7394F61F2909765F00F45D03 /* Resources */ = {
			isa = PBXResourcesBuildPhase;
			buildActionMask = 2147483647;
			files = (
				7394F6312909766100F45D03 /* LaunchScreen.storyboard in Resources */,
				7317C03F29104F9E004D4B85 /* GoogleService-Info.plist in Resources */,
				7394F62E2909766100F45D03 /* Assets.xcassets in Resources */,
				7394F62C2909765F00F45D03 /* Main.storyboard in Resources */,
			);
			runOnlyForDeploymentPostprocessing = 0;
		};
/* End PBXResourcesBuildPhase section */

/* Begin PBXShellScriptBuildPhase section */
		3010434ADC1509D759101C76 /* [CP] Check Pods Manifest.lock */ = {
			isa = PBXShellScriptBuildPhase;
			buildActionMask = 2147483647;
			files = (
			);
			inputFileListPaths = (
			);
			inputPaths = (
				"${PODS_PODFILE_DIR_PATH}/Podfile.lock",
				"${PODS_ROOT}/Manifest.lock",
			);
			name = "[CP] Check Pods Manifest.lock";
			outputFileListPaths = (
			);
			outputPaths = (
				"$(DERIVED_FILE_DIR)/Pods-flash-chat-checkManifestLockResult.txt",
			);
			runOnlyForDeploymentPostprocessing = 0;
			shellPath = /bin/sh;
			shellScript = "diff \"${PODS_PODFILE_DIR_PATH}/Podfile.lock\" \"${PODS_ROOT}/Manifest.lock\" > /dev/null\nif [ $? != 0 ] ; then\n    # print error to STDERR\n    echo \"error: The sandbox is not in sync with the Podfile.lock. Run 'pod install' or update your CocoaPods installation.\" >&2\n    exit 1\nfi\n# This output is used by Xcode 'outputs' to avoid re-running this script phase.\necho \"SUCCESS\" > \"${SCRIPT_OUTPUT_FILE_0}\"\n";
			showEnvVarsInLog = 0;
		};
		E2BE6AB42E052AC7A0BD4FE9 /* [CP] Embed Pods Frameworks */ = {
			isa = PBXShellScriptBuildPhase;
			buildActionMask = 2147483647;
			files = (
			);
			inputFileListPaths = (
				"${PODS_ROOT}/Target Support Files/Pods-flash-chat/Pods-flash-chat-frameworks-${CONFIGURATION}-input-files.xcfilelist",
			);
			name = "[CP] Embed Pods Frameworks";
			outputFileListPaths = (
				"${PODS_ROOT}/Target Support Files/Pods-flash-chat/Pods-flash-chat-frameworks-${CONFIGURATION}-output-files.xcfilelist",
			);
			runOnlyForDeploymentPostprocessing = 0;
			shellPath = /bin/sh;
			shellScript = "\"${PODS_ROOT}/Target Support Files/Pods-flash-chat/Pods-flash-chat-frameworks.sh\"\n";
			showEnvVarsInLog = 0;
		};
/* End PBXShellScriptBuildPhase section */

/* Begin PBXSourcesBuildPhase section */
		7394F61D2909765F00F45D03 /* Sources */ = {
			isa = PBXSourcesBuildPhase;
			buildActionMask = 2147483647;
			files = (
				7394F6292909765F00F45D03 /* WelcomeViewController.swift in Sources */,
				7394F6252909765F00F45D03 /* AppDelegate.swift in Sources */,
				7394F6272909765F00F45D03 /* SceneDelegate.swift in Sources */,
				7394F63E2909790F00F45D03 /* LoginViewController.swift in Sources */,
				7394F6402909793800F45D03 /* ChatViewController.swift in Sources */,
				7394F63C2909788400F45D03 /* RegisterViewController.swift in Sources */,
			);
			runOnlyForDeploymentPostprocessing = 0;
		};
/* End PBXSourcesBuildPhase section */

/* Begin PBXVariantGroup section */
		7394F62A2909765F00F45D03 /* Main.storyboard */ = {
			isa = PBXVariantGroup;
			children = (
				7394F62B2909765F00F45D03 /* Base */,
			);
			name = Main.storyboard;
			sourceTree = "<group>";
		};
		7394F62F2909766100F45D03 /* LaunchScreen.storyboard */ = {
			isa = PBXVariantGroup;
			children = (
				7394F6302909766100F45D03 /* Base */,
			);
			name = LaunchScreen.storyboard;
			sourceTree = "<group>";
		};
/* End PBXVariantGroup section */

/* Begin XCBuildConfiguration section */
		7394F6332909766100F45D03 /* Debug */ = {
			isa = XCBuildConfiguration;
			buildSettings = {
				ALWAYS_SEARCH_USER_PATHS = NO;
				CLANG_ANALYZER_NONNULL = YES;
				CLANG_ANALYZER_NUMBER_OBJECT_CONVERSION = YES_AGGRESSIVE;
				CLANG_CXX_LANGUAGE_STANDARD = "gnu++17";
				CLANG_ENABLE_MODULES = YES;
				CLANG_ENABLE_OBJC_ARC = YES;
				CLANG_ENABLE_OBJC_WEAK = YES;
				CLANG_WARN_BLOCK_CAPTURE_AUTORELEASING = YES;
				CLANG_WARN_BOOL_CONVERSION = YES;
				CLANG_WARN_COMMA = YES;
				CLANG_WARN_CONSTANT_CONVERSION = YES;
				CLANG_WARN_DEPRECATED_OBJC_IMPLEMENTATIONS = YES;
				CLANG_WARN_DIRECT_OBJC_ISA_USAGE = YES_ERROR;
				CLANG_WARN_DOCUMENTATION_COMMENTS = YES;
				CLANG_WARN_EMPTY_BODY = YES;
				CLANG_WARN_ENUM_CONVERSION = YES;
				CLANG_WARN_INFINITE_RECURSION = YES;
				CLANG_WARN_INT_CONVERSION = YES;
				CLANG_WARN_NON_LITERAL_NULL_CONVERSION = YES;
				CLANG_WARN_OBJC_IMPLICIT_RETAIN_SELF = YES;
				CLANG_WARN_OBJC_LITERAL_CONVERSION = YES;
				CLANG_WARN_OBJC_ROOT_CLASS = YES_ERROR;
				CLANG_WARN_QUOTED_INCLUDE_IN_FRAMEWORK_HEADER = YES;
				CLANG_WARN_RANGE_LOOP_ANALYSIS = YES;
				CLANG_WARN_STRICT_PROTOTYPES = YES;
				CLANG_WARN_SUSPICIOUS_MOVE = YES;
				CLANG_WARN_UNGUARDED_AVAILABILITY = YES_AGGRESSIVE;
				CLANG_WARN_UNREACHABLE_CODE = YES;
				CLANG_WARN__DUPLICATE_METHOD_MATCH = YES;
				COPY_PHASE_STRIP = NO;
				DEBUG_INFORMATION_FORMAT = dwarf;
				ENABLE_STRICT_OBJC_MSGSEND = YES;
				ENABLE_TESTABILITY = YES;
				GCC_C_LANGUAGE_STANDARD = gnu11;
				GCC_DYNAMIC_NO_PIC = NO;
				GCC_NO_COMMON_BLOCKS = YES;
				GCC_OPTIMIZATION_LEVEL = 0;
				GCC_PREPROCESSOR_DEFINITIONS = (
					"DEBUG=1",
					"$(inherited)",
				);
				GCC_WARN_64_TO_32_BIT_CONVERSION = YES;
				GCC_WARN_ABOUT_RETURN_TYPE = YES_ERROR;
				GCC_WARN_UNDECLARED_SELECTOR = YES;
				GCC_WARN_UNINITIALIZED_AUTOS = YES_AGGRESSIVE;
				GCC_WARN_UNUSED_FUNCTION = YES;
				GCC_WARN_UNUSED_VARIABLE = YES;
				IPHONEOS_DEPLOYMENT_TARGET = 15.5;
				MTL_ENABLE_DEBUG_INFO = INCLUDE_SOURCE;
				MTL_FAST_MATH = YES;
				ONLY_ACTIVE_ARCH = YES;
				SDKROOT = iphoneos;
				SWIFT_ACTIVE_COMPILATION_CONDITIONS = DEBUG;
				SWIFT_OPTIMIZATION_LEVEL = "-Onone";
			};
			name = Debug;
		};
		7394F6342909766100F45D03 /* Release */ = {
			isa = XCBuildConfiguration;
			buildSettings = {
				ALWAYS_SEARCH_USER_PATHS = NO;
				CLANG_ANALYZER_NONNULL = YES;
				CLANG_ANALYZER_NUMBER_OBJECT_CONVERSION = YES_AGGRESSIVE;
				CLANG_CXX_LANGUAGE_STANDARD = "gnu++17";
				CLANG_ENABLE_MODULES = YES;
				CLANG_ENABLE_OBJC_ARC = YES;
				CLANG_ENABLE_OBJC_WEAK = YES;
				CLANG_WARN_BLOCK_CAPTURE_AUTORELEASING = YES;
				CLANG_WARN_BOOL_CONVERSION = YES;
				CLANG_WARN_COMMA = YES;
				CLANG_WARN_CONSTANT_CONVERSION = YES;
				CLANG_WARN_DEPRECATED_OBJC_IMPLEMENTATIONS = YES;
				CLANG_WARN_DIRECT_OBJC_ISA_USAGE = YES_ERROR;
				CLANG_WARN_DOCUMENTATION_COMMENTS = YES;
				CLANG_WARN_EMPTY_BODY = YES;
				CLANG_WARN_ENUM_CONVERSION = YES;
				CLANG_WARN_INFINITE_RECURSION = YES;
				CLANG_WARN_INT_CONVERSION = YES;
				CLANG_WARN_NON_LITERAL_NULL_CONVERSION = YES;
				CLANG_WARN_OBJC_IMPLICIT_RETAIN_SELF = YES;
				CLANG_WARN_OBJC_LITERAL_CONVERSION = YES;
				CLANG_WARN_OBJC_ROOT_CLASS = YES_ERROR;
				CLANG_WARN_QUOTED_INCLUDE_IN_FRAMEWORK_HEADER = YES;
				CLANG_WARN_RANGE_LOOP_ANALYSIS = YES;
				CLANG_WARN_STRICT_PROTOTYPES = YES;
				CLANG_WARN_SUSPICIOUS_MOVE = YES;
				CLANG_WARN_UNGUARDED_AVAILABILITY = YES_AGGRESSIVE;
				CLANG_WARN_UNREACHABLE_CODE = YES;
				CLANG_WARN__DUPLICATE_METHOD_MATCH = YES;
				COPY_PHASE_STRIP = NO;
				DEBUG_INFORMATION_FORMAT = "dwarf-with-dsym";
				ENABLE_NS_ASSERTIONS = NO;
				ENABLE_STRICT_OBJC_MSGSEND = YES;
				GCC_C_LANGUAGE_STANDARD = gnu11;
				GCC_NO_COMMON_BLOCKS = YES;
				GCC_WARN_64_TO_32_BIT_CONVERSION = YES;
				GCC_WARN_ABOUT_RETURN_TYPE = YES_ERROR;
				GCC_WARN_UNDECLARED_SELECTOR = YES;
				GCC_WARN_UNINITIALIZED_AUTOS = YES_AGGRESSIVE;
				GCC_WARN_UNUSED_FUNCTION = YES;
				GCC_WARN_UNUSED_VARIABLE = YES;
				IPHONEOS_DEPLOYMENT_TARGET = 15.5;
				MTL_ENABLE_DEBUG_INFO = NO;
				MTL_FAST_MATH = YES;
				SDKROOT = iphoneos;
				SWIFT_COMPILATION_MODE = wholemodule;
				SWIFT_OPTIMIZATION_LEVEL = "-O";
				VALIDATE_PRODUCT = YES;
			};
			name = Release;
		};
		7394F6362909766100F45D03 /* Debug */ = {
			isa = XCBuildConfiguration;
			baseConfigurationReference = 5D323E8990DD0762B2A8B575 /* Pods-flash-chat.debug.xcconfig */;
			buildSettings = {
				ASSETCATALOG_COMPILER_APPICON_NAME = AppIcon;
				ASSETCATALOG_COMPILER_GLOBAL_ACCENT_COLOR_NAME = AccentColor;
				CODE_SIGN_STYLE = Automatic;
				CURRENT_PROJECT_VERSION = 1;
				DEVELOPMENT_TEAM = 566CT6QDNS;
				GENERATE_INFOPLIST_FILE = YES;
				INFOPLIST_FILE = "flash-chat/Info.plist";
				INFOPLIST_KEY_UIApplicationSupportsIndirectInputEvents = YES;
				INFOPLIST_KEY_UILaunchStoryboardName = LaunchScreen;
				INFOPLIST_KEY_UIMainStoryboardFile = Main;
				INFOPLIST_KEY_UISupportedInterfaceOrientations_iPad = "UIInterfaceOrientationPortrait UIInterfaceOrientationPortraitUpsideDown UIInterfaceOrientationLandscapeLeft UIInterfaceOrientationLandscapeRight";
				INFOPLIST_KEY_UISupportedInterfaceOrientations_iPhone = "UIInterfaceOrientationPortrait UIInterfaceOrientationLandscapeLeft UIInterfaceOrientationLandscapeRight";
				LD_RUNPATH_SEARCH_PATHS = (
					"$(inherited)",
					"@executable_path/Frameworks",
				);
				MARKETING_VERSION = 1.0;
				PRODUCT_BUNDLE_IDENTIFIER = "com.elaniacs.flash-chat";
				PRODUCT_NAME = "$(TARGET_NAME)";
				SWIFT_EMIT_LOC_STRINGS = YES;
				SWIFT_VERSION = 5.0;
				TARGETED_DEVICE_FAMILY = "1,2";
			};
			name = Debug;
		};
		7394F6372909766100F45D03 /* Release */ = {
			isa = XCBuildConfiguration;
			baseConfigurationReference = 58221AE4575F9F29B687C1BE /* Pods-flash-chat.release.xcconfig */;
			buildSettings = {
				ASSETCATALOG_COMPILER_APPICON_NAME = AppIcon;
				ASSETCATALOG_COMPILER_GLOBAL_ACCENT_COLOR_NAME = AccentColor;
				CODE_SIGN_STYLE = Automatic;
				CURRENT_PROJECT_VERSION = 1;
				DEVELOPMENT_TEAM = 566CT6QDNS;
				GENERATE_INFOPLIST_FILE = YES;
				INFOPLIST_FILE = "flash-chat/Info.plist";
				INFOPLIST_KEY_UIApplicationSupportsIndirectInputEvents = YES;
				INFOPLIST_KEY_UILaunchStoryboardName = LaunchScreen;
				INFOPLIST_KEY_UIMainStoryboardFile = Main;
				INFOPLIST_KEY_UISupportedInterfaceOrientations_iPad = "UIInterfaceOrientationPortrait UIInterfaceOrientationPortraitUpsideDown UIInterfaceOrientationLandscapeLeft UIInterfaceOrientationLandscapeRight";
				INFOPLIST_KEY_UISupportedInterfaceOrientations_iPhone = "UIInterfaceOrientationPortrait UIInterfaceOrientationLandscapeLeft UIInterfaceOrientationLandscapeRight";
				LD_RUNPATH_SEARCH_PATHS = (
					"$(inherited)",
					"@executable_path/Frameworks",
				);
				MARKETING_VERSION = 1.0;
				PRODUCT_BUNDLE_IDENTIFIER = "com.elaniacs.flash-chat";
				PRODUCT_NAME = "$(TARGET_NAME)";
				SWIFT_EMIT_LOC_STRINGS = YES;
				SWIFT_VERSION = 5.0;
				TARGETED_DEVICE_FAMILY = "1,2";
			};
			name = Release;
		};
/* End XCBuildConfiguration section */

/* Begin XCConfigurationList section */
		7394F61C2909765F00F45D03 /* Build configuration list for PBXProject "flash-chat" */ = {
			isa = XCConfigurationList;
			buildConfigurations = (
				7394F6332909766100F45D03 /* Debug */,
				7394F6342909766100F45D03 /* Release */,
			);
			defaultConfigurationIsVisible = 0;
			defaultConfigurationName = Release;
		};
		7394F6352909766100F45D03 /* Build configuration list for PBXNativeTarget "flash-chat" */ = {
			isa = XCConfigurationList;
			buildConfigurations = (
				7394F6362909766100F45D03 /* Debug */,
				7394F6372909766100F45D03 /* Release */,
			);
			defaultConfigurationIsVisible = 0;
			defaultConfigurationName = Release;
		};
/* End XCConfigurationList section */
	};
	rootObject = 7394F6192909765F00F45D03 /* Project object */;
}
